<?xml version="1.0" encoding="utf-8"?>
<Project ToolsVersion="16.0" xmlns="http://schemas.microsoft.com/developer/msbuild/2003">
  <ItemGroup>
    <ClCompile Include="D:\Matura\Nylium\compiler\nylium.cpp">
      <Filter>Source Files</Filter>
    </ClCompile>
    <ClCompile Include="D:\Matura\Nylium\compiler\compiler\error_handling\CompileError.cpp">
      <Filter>Source Files</Filter>
    </ClCompile>
    <ClCompile Include="D:\Matura\Nylium\compiler\compiler\error_handling\errors\CB001.cpp">
      <Filter>Source Files</Filter>
    </ClCompile>
    <ClCompile Include="D:\Matura\Nylium\compiler\compiler\error_handling\errors\CB004.cpp">
      <Filter>Source Files</Filter>
    </ClCompile>
    <ClCompile Include="D:\Matura\Nylium\compiler\compiler\loader\character_sequences\Bracket.cpp">
      <Filter>Source Files</Filter>
    </ClCompile>
    <ClCompile Include="D:\Matura\Nylium\compiler\compiler\loader\character_sequences\Value.cpp">
      <Filter>Source Files</Filter>
    </ClCompile>
    <ClCompile Include="D:\Matura\Nylium\compiler\compiler\loader\character_sequences\NyliumCharSequence.cpp">
      <Filter>Source Files</Filter>
    </ClCompile>
    <ClCompile Include="D:\Matura\Nylium\compiler\compiler\loader\character_sequences\IllegalCharSequence.cpp">
      <Filter>Source Files</Filter>
    </ClCompile>
    <ClCompile Include="D:\Matura\Nylium\compiler\compiler\loader\code_bodies\compilable\AssignOperation.cpp">
      <Filter>Source Files</Filter>
    </ClCompile>
    <ClCompile Include="D:\Matura\Nylium\compiler\compiler\loader\code_bodies\compilable\CallOperation.cpp">
      <Filter>Source Files</Filter>
    </ClCompile>
    <ClCompile Include="D:\Matura\Nylium\compiler\compiler\loader\code_bodies\compilable\CastingOperation.cpp">
      <Filter>Source Files</Filter>
    </ClCompile>
    <ClCompile Include="D:\Matura\Nylium\compiler\compiler\loader\code_bodies\compilable\FieldDeclaration.cpp">
      <Filter>Source Files</Filter>
    </ClCompile>
    <ClCompile Include="D:\Matura\Nylium\compiler\compiler\loader\code_bodies\compilable\FunctionCallOperation.cpp">
      <Filter>Source Files</Filter>
    </ClCompile>
    <ClCompile Include="D:\Matura\Nylium\compiler\compiler\loader\code_bodies\compilable\FunctionDeclaration.cpp">
      <Filter>Source Files</Filter>
    </ClCompile>
    <ClCompile Include="D:\Matura\Nylium\compiler\compiler\loader\code_bodies\compilable\Keyword.cpp">
      <Filter>Source Files</Filter>
    </ClCompile>
    <ClCompile Include="D:\Matura\Nylium\compiler\compiler\loader\code_bodies\compilable\Literal.cpp">
      <Filter>Source Files</Filter>
    </ClCompile>
    <ClCompile Include="D:\Matura\Nylium\compiler\compiler\loader\code_bodies\compilable\NamespaceDeclaration.cpp">
      <Filter>Source Files</Filter>
    </ClCompile>
    <ClCompile Include="D:\Matura\Nylium\compiler\compiler\loader\code_bodies\compilable\Scope.cpp">
      <Filter>Source Files</Filter>
    </ClCompile>
    <ClCompile Include="D:\Matura\Nylium\compiler\compiler\loader\code_bodies\compilable\TypeDeclaration.cpp">
      <Filter>Source Files</Filter>
    </ClCompile>
    <ClCompile Include="D:\Matura\Nylium\compiler\compiler\loader\code_bodies\CodeObject.cpp">
      <Filter>Source Files</Filter>
    </ClCompile>
    <ClCompile Include="D:\Matura\Nylium\compiler\compiler\loader\code_bodies\Declaration.cpp">
      <Filter>Source Files</Filter>
    </ClCompile>
    <ClCompile Include="D:\Matura\Nylium\compiler\compiler\loader\code_bodies\Operation.cpp">
      <Filter>Source Files</Filter>
    </ClCompile>
    <ClCompile Include="D:\Matura\Nylium\compiler\compiler\loader\code_bodies\PendingDeclaration.cpp">
      <Filter>Source Files</Filter>
    </ClCompile>
    <ClCompile Include="D:\Matura\Nylium\compiler\compiler\loader\code_bodies\ValueHolder.cpp">
      <Filter>Source Files</Filter>
    </ClCompile>
    <ClCompile Include="D:\Matura\Nylium\compiler\compiler\loader\load_iterations\0_CharSequences.cpp">
      <Filter>Source Files</Filter>
    </ClCompile>
    <ClCompile Include="D:\Matura\Nylium\compiler\compiler\loader\load_iterations\1_CodeBodies.cpp">
      <Filter>Source Files</Filter>
    </ClCompile>
    <ClCompile Include="D:\Matura\Nylium\compiler\compiler\loader\load_iterations\2_InternalLinking.cpp">
      <Filter>Source Files</Filter>
    </ClCompile>
    <ClCompile Include="D:\Matura\Nylium\compiler\compiler\loader\native\keywords\Keywords.cpp">
      <Filter>Source Files</Filter>
    </ClCompile>
    <ClCompile Include="D:\Matura\Nylium\compiler\compiler\loader\native\keywords\ElseKeyword.cpp">
      <Filter>Source Files</Filter>
    </ClCompile>
    <ClCompile Include="D:\Matura\Nylium\compiler\compiler\loader\native\keywords\ForKeyword.cpp">
      <Filter>Source Files</Filter>
    </ClCompile>
    <ClCompile Include="D:\Matura\Nylium\compiler\compiler\loader\native\keywords\IfKeyword.cpp">
      <Filter>Source Files</Filter>
    </ClCompile>
    <ClCompile Include="D:\Matura\Nylium\compiler\compiler\loader\native\keywords\WhileKeyword.cpp">
      <Filter>Source Files</Filter>
    </ClCompile>
    <ClCompile Include="D:\Matura\Nylium\compiler\compiler\loader\native\types\Types.cpp">
      <Filter>Source Files</Filter>
    </ClCompile>
    <ClCompile Include="D:\Matura\Nylium\compiler\compiler\loader\native\types\ClassType.cpp">
      <Filter>Source Files</Filter>
    </ClCompile>
    <ClCompile Include="D:\Matura\Nylium\compiler\compiler\loader\native\types\BoolType.cpp">
      <Filter>Source Files</Filter>
    </ClCompile>
    <ClCompile Include="D:\Matura\Nylium\compiler\compiler\loader\project\Interface.cpp">
      <Filter>Source Files</Filter>
    </ClCompile>
    <ClCompile Include="D:\Matura\Nylium\compiler\compiler\loader\project\Project.cpp">
      <Filter>Source Files</Filter>
    </ClCompile>
    <ClCompile Include="D:\Matura\Nylium\compiler\compiler\loader\utils\DeclarationMap.cpp">
      <Filter>Source Files</Filter>
    </ClCompile>
    <ClCompile Include="D:\Matura\Nylium\compiler\compiler\loader\Loader.cpp">
      <Filter>Source Files</Filter>
    </ClCompile>
    <ClCompile Include="D:\Matura\Nylium\compiler\compiler\preassembler\Preassembler.cpp">
      <Filter>Source Files</Filter>
    </ClCompile>
    <ClCompile Include="D:\Matura\Nylium\compiler\compiler\preassembler\data\AsmStorage.cpp">
      <Filter>Source Files</Filter>
    </ClCompile>
    <ClCompile Include="D:\Matura\Nylium\compiler\compiler\preassembler\data\Registers.cpp">
      <Filter>Source Files</Filter>
    </ClCompile>
    <ClCompile Include="D:\Matura\Nylium\compiler\compiler\preassembler\compilable\CompilableBody.cpp">
      <Filter>Source Files</Filter>
    </ClCompile>
    <ClCompile Include="D:\Matura\Nylium\compiler\fileutils\file_io.cpp">
      <Filter>Source Files</Filter>
    </ClCompile>
    <ClCompile Include="D:\Matura\Nylium\compiler\log\logger.cpp">
      <Filter>Source Files</Filter>
    </ClCompile>
  </ItemGroup>
  <ItemGroup>
    <CustomBuild Include="D:\Matura\Nylium\compiler\CMakeLists.txt" />
  </ItemGroup>
  <ItemGroup>
    <Filter Include="Source Files">
      <UniqueIdentifier>{08EFA3BB-8316-3D61-94EB-58A3AEE68147}</UniqueIdentifier>
    </Filter>
  </ItemGroup>
</Project>
